
Microsoft Visual Studio Solution File, Format Version 12.00
# Visual Studio Version 16
VisualStudioVersion = 16.0.28407.52
MinimumVisualStudioVersion = 10.0.40219.1
Project("{FAE04EC0-301F-11D3-BF4B-00C04F79EFBC}") = "EventSourcingSample.UserCommandService", "EventSourcingSample.UserCommandService\EventSourcingSample.UserCommandService.csproj", "{A5ABA777-739F-4033-8B79-F72F0138EAD3}"
EndProject
Project("{FAE04EC0-301F-11D3-BF4B-00C04F79EFBC}") = "EventSourcingSample.UserCommandConsumer", "EventSourcingSample.UserCommandConsumer\EventSourcingSample.UserCommandConsumer.csproj", "{D7F92885-BF98-4D5D-8863-F0D53267F307}"
EndProject
Global
	GlobalSection(SolutionConfigurationPlatforms) = preSolution
		Debug|Any CPU = Debug|Any CPU
		Release|Any CPU = Release|Any CPU
	EndGlobalSection
	GlobalSection(ProjectConfigurationPlatforms) = postSolution
		{A5ABA777-739F-4033-8B79-F72F0138EAD3}.Debug|Any CPU.ActiveCfg = Debug|Any CPU
		{A5ABA777-739F-4033-8B79-F72F0138EAD3}.Debug|Any CPU.Build.0 = Debug|Any CPU
		{A5ABA777-739F-4033-8B79-F72F0138EAD3}.Release|Any CPU.ActiveCfg = Release|Any CPU
		{A5ABA777-739F-4033-8B79-F72F0138EAD3}.Release|Any CPU.Build.0 = Release|Any CPU
		{D7F92885-BF98-4D5D-8863-F0D53267F307}.Debug|Any CPU.ActiveCfg = Debug|Any CPU
		{D7F92885-BF98-4D5D-8863-F0D53267F307}.Debug|Any CPU.Build.0 = Debug|Any CPU
		{D7F92885-BF98-4D5D-8863-F0D53267F307}.Release|Any CPU.ActiveCfg = Release|Any CPU
		{D7F92885-BF98-4D5D-8863-F0D53267F307}.Release|Any CPU.Build.0 = Release|Any CPU
	EndGlobalSection
	GlobalSection(SolutionProperties) = preSolution
		HideSolutionNode = FALSE
	EndGlobalSection
	GlobalSection(ExtensibilityGlobals) = postSolution
		SolutionGuid = {CE94A75B-2076-403C-88B7-949F7A520F33}
	EndGlobalSection
EndGlobal
